
Microsoft Visual Studio Solution File, Format Version 12.00
# Visual Studio Version 17
VisualStudioVersion = 17.8.34525.116
MinimumVisualStudioVersion = 10.0.40219.1
Project("{FAE04EC0-301F-11D3-BF4B-00C04F79EFBC}") = "BBF", "BBF\BBF.csproj", "{42B6E3A5-0069-4AF4-B857-6D0A97C8A84A}"
EndProject
Global
	GlobalSection(SolutionConfigurationPlatforms) = preSolution
		Debug|Any CPU = Debug|Any CPU
		Release|Any CPU = Release|Any CPU
	EndGlobalSection
	GlobalSection(ProjectConfigurationPlatforms) = postSolution
		{42B6E3A5-0069-4AF4-B857-6D0A97C8A84A}.Debug|Any CPU.ActiveCfg = Debug|Any CPU
		{42B6E3A5-0069-4AF4-B857-6D0A97C8A84A}.Debug|Any CPU.Build.0 = Debug|Any CPU
		{42B6E3A5-0069-4AF4-B857-6D0A97C8A84A}.Release|Any CPU.ActiveCfg = Release|Any CPU
		{42B6E3A5-0069-4AF4-B857-6D0A97C8A84A}.Release|Any CPU.Build.0 = Release|Any CPU
	EndGlobalSection
	GlobalSection(SolutionProperties) = preSolution
		HideSolutionNode = FALSE
	EndGlobalSection
	GlobalSection(ExtensibilityGlobals) = postSolution
		SolutionGuid = {BDEDC68A-E353-4778-A554-B11B70E44187}
	EndGlobalSection
EndGlobal
